
Microsoft Visual Studio Solution File, Format Version 12.00
# Visual Studio Version 17
VisualStudioVersion = 17.3.32929.385
MinimumVisualStudioVersion = 10.0.40219.1
Project("{FAE04EC0-301F-11D3-BF4B-00C04F79EFBC}") = "StackandQueue", "StackandQueue.csproj", "{4E4B6CD5-1229-4426-8752-11C3BD9B3FF4}"
EndProject
Global
	GlobalSection(SolutionConfigurationPlatforms) = preSolution
		Debug|Any CPU = Debug|Any CPU
		Release|Any CPU = Release|Any CPU
	EndGlobalSection
	GlobalSection(ProjectConfigurationPlatforms) = postSolution
		{4E4B6CD5-1229-4426-8752-11C3BD9B3FF4}.Debug|Any CPU.ActiveCfg = Debug|Any CPU
		{4E4B6CD5-1229-4426-8752-11C3BD9B3FF4}.Debug|Any CPU.Build.0 = Debug|Any CPU
		{4E4B6CD5-1229-4426-8752-11C3BD9B3FF4}.Release|Any CPU.ActiveCfg = Release|Any CPU
		{4E4B6CD5-1229-4426-8752-11C3BD9B3FF4}.Release|Any CPU.Build.0 = Release|Any CPU
	EndGlobalSection
	GlobalSection(SolutionProperties) = preSolution
		HideSolutionNode = FALSE
	EndGlobalSection
	GlobalSection(ExtensibilityGlobals) = postSolution
		SolutionGuid = {212412FA-8782-44D0-935A-D635C2625C94}
	EndGlobalSection
EndGlobal
